[[package]]
name = "colorama"
version = "0.4.4"
description = "Cross-platform colored terminal text."
category = "main"
optional = false
python-versions = ">=2.7, !=3.0.*, !=3.1.*, !=3.2.*, !=3.3.*, !=3.4.*"

[[package]]
name = "mysql-connector"
version = "2.2.9"
description = "MySQL driver written in Python"
category = "main"
optional = false
python-versions = "*"

[[package]]
name = "mysql-connector-python"
version = "8.0.27"
description = "MySQL driver written in Python"
category = "main"
optional = false
python-versions = "*"

[package.dependencies]
protobuf = ">=3.0.0"

[package.extras]
compression = ["lz4 (>=2.1.6)", "zstandard (>=0.12.0)"]
dns-srv = ["dnspython (>=1.16.0)"]
gssapi = ["gssapi (>=1.6.9)"]

[[package]]
name = "protobuf"
version = "3.15.6"
description = "Protocol Buffers"
category = "main"
optional = false
python-versions = "*"

[package.dependencies]
six = ">=1.9"

[[package]]
name = "python-dotenv"
version = "0.19.2"
description = "Read key-value pairs from a .env file and set them as environment variables"
category = "main"
optional = false
python-versions = ">=3.5"

[package.extras]
cli = ["click (>=5.0)"]

[[package]]
name = "six"
version = "1.15.0"
description = "Python 2 and 3 compatibility utilities"
category = "main"
optional = false
python-versions = ">=2.7, !=3.0.*, !=3.1.*, !=3.2.*"

[[package]]
name = "stdiomask"
version = "0.0.6"
description = "A cross-platform Python module for entering passwords to a stdio terminal and displaying a **** mask, which getpass cannot do."
category = "main"
optional = false
python-versions = "*"

[[package]]
name = "tabulate"
version = "0.8.9"
description = "Pretty-print tabular data"
category = "main"
optional = false
python-versions = "*"

[package.extras]
widechars = ["wcwidth"]

[[package]]
name = "urllib3"
version = "1.26.13"
description = "HTTP library with thread-safe connection pooling, file post, and more."
category = "main"
optional = false
python-versions = ">=2.7, !=3.0.*, !=3.1.*, !=3.2.*, !=3.3.*, !=3.4.*, !=3.5.*"

[package.extras]
brotli = ["brotli (>=1.0.9)", "brotlicffi (>=0.8.0)", "brotlipy (>=0.6.0)"]
secure = ["certifi", "cryptography (>=1.3.4)", "idna (>=2.0.0)", "ipaddress", "pyOpenSSL (>=0.14)", "urllib3-secure-extra"]
socks = ["PySocks (>=1.5.6,!=1.5.7,<2.0)"]

[metadata]
lock-version = "1.1"
python-versions = "~3.11"
content-hash = "1b17f2da606e8b97042d2cfe161b7b7129e01afb7dca310f155906b027438fdc"

[metadata.files]
colorama = [
    {file = "colorama-0.4.4-py2.py3-none-any.whl", hash = "sha256:9f47eda37229f68eee03b24b9748937c7dc3868f906e8ba69fbcbdd3bc5dc3e2"},
    {file = "colorama-0.4.4.tar.gz", hash = "sha256:5941b2b48a20143d2267e95b1c2a7603ce057ee39fd88e7329b0c292aa16869b"},
]
mysql-connector = [
    {file = "mysql-connector-2.2.9.tar.gz", hash = "sha256:1733e6ce52a049243de3264f1fbc22a852cb35458c4ad739ba88189285efdf32"},
]
mysql-connector-python = [
    {file = "mysql-connector-python-8.0.27.tar.gz", hash = "sha256:cf0c8e41edcd8a02f9ccbe925160ef12486111fcb2641d4551e3b2578afbe2c4"},
    {file = "mysql_connector_python-8.0.27-cp36-cp36m-manylinux1_i686.whl", hash = "sha256:08e8bdb0b0cd247213764d115433972d0f5d103a00eb9cd0330294bdbb58cbca"},
    {file = "mysql_connector_python-8.0.27-cp36-cp36m-manylinux1_x86_64.whl", hash = "sha256:8a3a8605c5380870a898b4a52c5b0d138e7cb998b192f10552373782d003886d"},
    {file = "mysql_connector_python-8.0.27-cp36-cp36m-win_amd64.whl", hash = "sha256:94abfd76c6ad36f1bcf96f49d76dd55b9e09767eea972669baba9fc385fd9a46"},
    {file = "mysql_connector_python-8.0.27-cp37-cp37m-macosx_11_0_x86_64.whl", hash = "sha256:667c712c0464527faee977d5db48f308e6b2d64396de0b5ba3fd459eda0653d0"},
    {file = "mysql_connector_python-8.0.27-cp37-cp37m-manylinux1_i686.whl", hash = "sha256:b947650179a4778d7e13b354a3c7c3b5e13ec00d86727375a0cbba0b43ade82c"},
    {file = "mysql_connector_python-8.0.27-cp37-cp37m-manylinux1_x86_64.whl", hash = "sha256:de6f3daa99242fcf559d87466ea95f37b6b9cd7257be516440abe6e925548ef9"},
    {file = "mysql_connector_python-8.0.27-cp37-cp37m-win_amd64.whl", hash = "sha256:47e391ecae349e75ecffb513aec47ec3dbcfc8e2222ef9bd0b0494029eaa2a1b"},
    {file = "mysql_connector_python-8.0.27-cp38-cp38-macosx_11_0_x86_64.whl", hash = "sha256:7a63dfded577f0a1800c863c4e9bcff7b583bcd369fc1eb4c2ec44b1f907e295"},
    {file = "mysql_connector_python-8.0.27-cp38-cp38-manylinux1_i686.whl", hash = "sha256:d15136f44fe36c135295719b2635686dbbe1b8043297b3420129368000cf2820"},
    {file = "mysql_connector_python-8.0.27-cp38-cp38-manylinux1_x86_64.whl", hash = "sha256:977ba6abdca01840afe27e461ec3a79550b50499782e5ff2933e513a52777870"},
    {file = "mysql_connector_python-8.0.27-cp38-cp38-win_amd64.whl", hash = "sha256:75fc7a089f1626ffbd22986090ca7cc3359c77ab9c4bde4bab1e30e15d4cbfd9"},
    {file = "mysql_connector_python-8.0.27-cp39-cp39-macosx_11_0_x86_64.whl", hash = "sha256:7fa3c4b571e5bab629dbce6013b36ff42efdfe47da6ff14cee25acd1a77649bb"},
    {file = "mysql_connector_python-8.0.27-cp39-cp39-manylinux1_i686.whl", hash = "sha256:049374e54441903022f1c277a7467e4e7cf72a8d89ca26e86d4fa26b7157346c"},
    {file = "mysql_connector_python-8.0.27-cp39-cp39-manylinux1_x86_64.whl", hash = "sha256:2af9bf324649d056e8f1e0f212a046c8794a6b5ac4d7fa2be600db443d0b57ba"},
    {file = "mysql_connector_python-8.0.27-cp39-cp39-win_amd64.whl", hash = "sha256:ad393ddc1974da2b4e952156c3b1a8316f1cb14555b1ea83db6c3619232f8d89"},
    {file = "mysql_connector_python-8.0.27-py2.py3-none-any.whl", hash = "sha256:6ec8ae4b51487f8b2d542b02e7026dddec92f29239daef2dbfcfbaa9fd5503f2"},
]
protobuf = [
    {file = "protobuf-3.15.6-cp27-cp27m-macosx_10_9_x86_64.whl", hash = "sha256:1771ef20e88759c4d81db213e89b7a1fc53937968e12af6603c658ee4bcbfa38"},
    {file = "protobuf-3.15.6-cp27-cp27mu-manylinux1_x86_64.whl", hash = "sha256:1a66261a402d05c8ad8c1fde8631837307bf8d7e7740a4f3941fc3277c2e1528"},
    {file = "protobuf-3.15.6-cp35-cp35m-macosx_10_9_intel.whl", hash = "sha256:eac23a3e56175b710f3da9a9e8e2aa571891fbec60e0c5a06db1c7b1613b5cfd"},
    {file = "protobuf-3.15.6-cp35-cp35m-manylinux1_x86_64.whl", hash = "sha256:9ec220d90eda8bb7a7a1434a8aed4fe26d7e648c1a051c2885f3f5725b6aa71a"},
    {file = "protobuf-3.15.6-cp35-cp35m-win32.whl", hash = "sha256:88d8f21d1ac205eedb6dea943f8204ed08201b081dba2a966ab5612788b9bb1e"},
    {file = "protobuf-3.15.6-cp35-cp35m-win_amd64.whl", hash = "sha256:eaada29bbf087dea7d8bce4d1d604fc768749e8809e9c295922accd7c8fce4d5"},
    {file = "protobuf-3.15.6-cp36-cp36m-macosx_10_9_x86_64.whl", hash = "sha256:256c0b2e338c1f3228d3280707606fe5531fde85ab9d704cde6fdeb55112531f"},
    {file = "protobuf-3.15.6-cp36-cp36m-manylinux1_x86_64.whl", hash = "sha256:b9069e45b6e78412fba4a314ea38b4a478686060acf470d2b131b3a2c50484ec"},
    {file = "protobuf-3.15.6-cp36-cp36m-win32.whl", hash = "sha256:24f4697f57b8520c897a401b7f9a5ae45c369e22c572e305dfaf8053ecb49687"},
    {file = "protobuf-3.15.6-cp36-cp36m-win_amd64.whl", hash = "sha256:d9ed0955b794f1e5f367e27f8a8ff25501eabe34573f003f06639c366ca75f73"},
    {file = "protobuf-3.15.6-cp37-cp37m-macosx_10_9_x86_64.whl", hash = "sha256:822ac7f87fc2fb9b24edd2db390538b60ef50256e421ca30d65250fad5a3d477"},
    {file = "protobuf-3.15.6-cp37-cp37m-manylinux1_x86_64.whl", hash = "sha256:74ac159989e2b02d761188a2b6f4601ff5e494d9b9d863f5ad6e98e5e0c54328"},
    {file = "protobuf-3.15.6-cp37-cp37m-win32.whl", hash = "sha256:30fe4249a364576f9594180589c3f9c4771952014b5f77f0372923fc7bafbbe2"},
    {file = "protobuf-3.15.6-cp37-cp37m-win_amd64.whl", hash = "sha256:45a91fc6f9aa86d3effdeda6751882b02de628519ba06d7160daffde0c889ff8"},
    {file = "protobuf-3.15.6-cp38-cp38-macosx_10_9_x86_64.whl", hash = "sha256:83c7c7534f050cb25383bb817159416601d1cc46c40bc5e851ec8bbddfc34a2f"},
    {file = "protobuf-3.15.6-cp38-cp38-manylinux1_x86_64.whl", hash = "sha256:9ec20a6ded7d0888e767ad029dbb126e604e18db744ac0a428cf746e040ccecd"},
    {file = "protobuf-3.15.6-cp39-cp39-macosx_10_9_x86_64.whl", hash = "sha256:0f2da2fcc4102b6c3b57f03c9d8d5e37c63f8bc74deaa6cb54e0cc4524a77247"},
    {file = "protobuf-3.15.6-cp39-cp39-manylinux1_x86_64.whl", hash = "sha256:70054ae1ce5dea7dec7357db931fcf487f40ea45b02cb719ee6af07eb1e906fb"},
    {file = "protobuf-3.15.6-py2.py3-none-any.whl", hash = "sha256:1655fc0ba7402560d749de13edbfca1ac45d1753d8f4e5292989f18f5a00c215"},
    {file = "protobuf-3.15.6.tar.gz", hash = "sha256:2b974519a2ae83aa1e31cff9018c70bbe0e303a46a598f982943c49ae1d4fcd3"},
]
python-dotenv = [
    {file = "python-dotenv-0.19.2.tar.gz", hash = "sha256:a5de49a31e953b45ff2d2fd434bbc2670e8db5273606c1e737cc6b93eff3655f"},
    {file = "python_dotenv-0.19.2-py2.py3-none-any.whl", hash = "sha256:32b2bdc1873fd3a3c346da1c6db83d0053c3c62f28f1f38516070c4c8971b1d3"},
]
six = [
    {file = "six-1.15.0-py2.py3-none-any.whl", hash = "sha256:8b74bedcbbbaca38ff6d7491d76f2b06b3592611af620f8426e82dddb04a5ced"},
    {file = "six-1.15.0.tar.gz", hash = "sha256:30639c035cdb23534cd4aa2dd52c3bf48f06e5f4a941509c8bafd8ce11080259"},
]
stdiomask = [
    {file = "stdiomask-0.0.6.tar.gz", hash = "sha256:c1e47069ead9e10bda150a26f7922ca01d2adc503042a9d7acf64877a2b9a3a6"},
]
tabulate = [
    {file = "tabulate-0.8.9-py3-none-any.whl", hash = "sha256:d7c013fe7abbc5e491394e10fa845f8f32fe54f8dc60c6622c6cf482d25d47e4"},
    {file = "tabulate-0.8.9.tar.gz", hash = "sha256:eb1d13f25760052e8931f2ef80aaf6045a6cceb47514db8beab24cded16f13a7"},
]
urllib3 = [
    {file = "urllib3-1.26.13-py2.py3-none-any.whl", hash = "sha256:47cc05d99aaa09c9e72ed5809b60e7ba354e64b59c9c173ac3018642d8bb41fc"},
    {file = "urllib3-1.26.13.tar.gz", hash = "sha256:c083dd0dce68dbfbe1129d5271cb90f9447dea7d52097c6e0126120c521ddea8"},
]
