[[package]]
name = "colorama"
version = "0.4.4"
description = "Cross-platform colored terminal text."
category = "main"
optional = false
python-versions = ">=2.7, !=3.0.*, !=3.1.*, !=3.2.*, !=3.3.*, !=3.4.*"

[[package]]
name = "mysql-connector"
version = "2.2.9"
description = "MySQL driver written in Python"
category = "main"
optional = false
python-versions = "*"

[[package]]
name = "mysql-connector-python"
version = "8.0.27"
description = "MySQL driver written in Python"
category = "main"
optional = false
python-versions = "*"

[package.dependencies]
protobuf = ">=3.0.0"

[package.extras]
compression = ["lz4 (>=2.1.6)", "zstandard (>=0.12.0)"]
dns-srv = ["dnspython (>=1.16.0)"]
gssapi = ["gssapi (>=1.6.9)"]

[[package]]
name = "protobuf"
version = "3.18.3"
description = "Protocol Buffers"
category = "main"
optional = false
python-versions = ">=3.5"

[[package]]
name = "python-dotenv"
version = "0.19.2"
description = "Read key-value pairs from a .env file and set them as environment variables"
category = "main"
optional = false
python-versions = ">=3.5"

[package.extras]
cli = ["click (>=5.0)"]

[[package]]
name = "stdiomask"
version = "0.0.6"
description = "A cross-platform Python module for entering passwords to a stdio terminal and displaying a **** mask, which getpass cannot do."
category = "main"
optional = false
python-versions = "*"

[[package]]
name = "tabulate"
version = "0.8.9"
description = "Pretty-print tabular data"
category = "main"
optional = false
python-versions = "*"

[package.extras]
widechars = ["wcwidth"]

[[package]]
name = "urllib3"
version = "1.26.7"
description = "HTTP library with thread-safe connection pooling, file post, and more."
category = "main"
optional = false
python-versions = ">=2.7, !=3.0.*, !=3.1.*, !=3.2.*, !=3.3.*, !=3.4.*, <4"

[package.extras]
brotli = ["brotlipy (>=0.6.0)"]
secure = ["certifi", "cryptography (>=1.3.4)", "idna (>=2.0.0)", "ipaddress", "pyOpenSSL (>=0.14)"]
socks = ["PySocks (>=1.5.6,!=1.5.7,<2.0)"]

[metadata]
lock-version = "1.1"
python-versions = "^3.9"
content-hash = "392d74787f75d1c81531923c39b388be2281034dd11bb51d3d3782261a98a6ea"

[metadata.files]
colorama = [
    {file = "colorama-0.4.4-py2.py3-none-any.whl", hash = "sha256:9f47eda37229f68eee03b24b9748937c7dc3868f906e8ba69fbcbdd3bc5dc3e2"},
    {file = "colorama-0.4.4.tar.gz", hash = "sha256:5941b2b48a20143d2267e95b1c2a7603ce057ee39fd88e7329b0c292aa16869b"},
]
mysql-connector = [
    {file = "mysql-connector-2.2.9.tar.gz", hash = "sha256:1733e6ce52a049243de3264f1fbc22a852cb35458c4ad739ba88189285efdf32"},
]
mysql-connector-python = [
    {file = "mysql-connector-python-8.0.27.tar.gz", hash = "sha256:cf0c8e41edcd8a02f9ccbe925160ef12486111fcb2641d4551e3b2578afbe2c4"},
    {file = "mysql_connector_python-8.0.27-cp36-cp36m-manylinux1_i686.whl", hash = "sha256:08e8bdb0b0cd247213764d115433972d0f5d103a00eb9cd0330294bdbb58cbca"},
    {file = "mysql_connector_python-8.0.27-cp36-cp36m-manylinux1_x86_64.whl", hash = "sha256:8a3a8605c5380870a898b4a52c5b0d138e7cb998b192f10552373782d003886d"},
    {file = "mysql_connector_python-8.0.27-cp36-cp36m-win_amd64.whl", hash = "sha256:94abfd76c6ad36f1bcf96f49d76dd55b9e09767eea972669baba9fc385fd9a46"},
    {file = "mysql_connector_python-8.0.27-cp37-cp37m-macosx_11_0_x86_64.whl", hash = "sha256:667c712c0464527faee977d5db48f308e6b2d64396de0b5ba3fd459eda0653d0"},
    {file = "mysql_connector_python-8.0.27-cp37-cp37m-manylinux1_i686.whl", hash = "sha256:b947650179a4778d7e13b354a3c7c3b5e13ec00d86727375a0cbba0b43ade82c"},
    {file = "mysql_connector_python-8.0.27-cp37-cp37m-manylinux1_x86_64.whl", hash = "sha256:de6f3daa99242fcf559d87466ea95f37b6b9cd7257be516440abe6e925548ef9"},
    {file = "mysql_connector_python-8.0.27-cp37-cp37m-win_amd64.whl", hash = "sha256:47e391ecae349e75ecffb513aec47ec3dbcfc8e2222ef9bd0b0494029eaa2a1b"},
    {file = "mysql_connector_python-8.0.27-cp38-cp38-macosx_11_0_x86_64.whl", hash = "sha256:7a63dfded577f0a1800c863c4e9bcff7b583bcd369fc1eb4c2ec44b1f907e295"},
    {file = "mysql_connector_python-8.0.27-cp38-cp38-manylinux1_i686.whl", hash = "sha256:d15136f44fe36c135295719b2635686dbbe1b8043297b3420129368000cf2820"},
    {file = "mysql_connector_python-8.0.27-cp38-cp38-manylinux1_x86_64.whl", hash = "sha256:977ba6abdca01840afe27e461ec3a79550b50499782e5ff2933e513a52777870"},
    {file = "mysql_connector_python-8.0.27-cp38-cp38-win_amd64.whl", hash = "sha256:75fc7a089f1626ffbd22986090ca7cc3359c77ab9c4bde4bab1e30e15d4cbfd9"},
    {file = "mysql_connector_python-8.0.27-cp39-cp39-macosx_11_0_x86_64.whl", hash = "sha256:7fa3c4b571e5bab629dbce6013b36ff42efdfe47da6ff14cee25acd1a77649bb"},
    {file = "mysql_connector_python-8.0.27-cp39-cp39-manylinux1_i686.whl", hash = "sha256:049374e54441903022f1c277a7467e4e7cf72a8d89ca26e86d4fa26b7157346c"},
    {file = "mysql_connector_python-8.0.27-cp39-cp39-manylinux1_x86_64.whl", hash = "sha256:2af9bf324649d056e8f1e0f212a046c8794a6b5ac4d7fa2be600db443d0b57ba"},
    {file = "mysql_connector_python-8.0.27-cp39-cp39-win_amd64.whl", hash = "sha256:ad393ddc1974da2b4e952156c3b1a8316f1cb14555b1ea83db6c3619232f8d89"},
    {file = "mysql_connector_python-8.0.27-py2.py3-none-any.whl", hash = "sha256:6ec8ae4b51487f8b2d542b02e7026dddec92f29239daef2dbfcfbaa9fd5503f2"},
]
protobuf = [
    {file = "protobuf-3.18.3-cp36-cp36m-macosx_10_9_x86_64.whl", hash = "sha256:370a6b885e94adda021d4cbe43accdfbf6a02af651a0be337a28906a3fa77f3d"},
    {file = "protobuf-3.18.3-cp36-cp36m-manylinux_2_17_x86_64.manylinux2014_x86_64.whl", hash = "sha256:6741d7d1cfcbdd6cf610f38b7976cf8c0b41022203555298925e4061b6616608"},
    {file = "protobuf-3.18.3-cp36-cp36m-win32.whl", hash = "sha256:3149c373e9b7ce296bb24d42a3eb677d620185b5dff2c390b2cf57baf79afdc1"},
    {file = "protobuf-3.18.3-cp36-cp36m-win_amd64.whl", hash = "sha256:850da2072d98c6e576b7eb29734cdde6fd9f5d157e43d7818d79f4b373ef5d51"},
    {file = "protobuf-3.18.3-cp37-cp37m-macosx_10_9_x86_64.whl", hash = "sha256:0c44e01f74109decea196b5b313b08edb5316df77313995594a6981e95674259"},
    {file = "protobuf-3.18.3-cp37-cp37m-manylinux2014_aarch64.whl", hash = "sha256:85d1fb5ff1d638a0045bbe4f01a8f287023aa4f2b29011445b1be0edc74a2103"},
    {file = "protobuf-3.18.3-cp37-cp37m-manylinux_2_17_x86_64.manylinux2014_x86_64.whl", hash = "sha256:cde2a73b03049b904dbc5d0f500b97e11abb4109dbe2940e6a1595e2eef4e8a9"},
    {file = "protobuf-3.18.3-cp37-cp37m-win32.whl", hash = "sha256:b03966ca4d1aa7850f5bf0d841c22a8eeb6ce091f77e585ffeb8b95a6b0a96c4"},
    {file = "protobuf-3.18.3-cp37-cp37m-win_amd64.whl", hash = "sha256:d52a687e2c74c40f45abd6906f833d4e40f0f8cfa4226a80e4695fedafe6c57e"},
    {file = "protobuf-3.18.3-cp38-cp38-macosx_10_9_x86_64.whl", hash = "sha256:700787cb56b4cb7b8ed5f7d197b9d8f30080f257f3c7431eec1fdd8060660929"},
    {file = "protobuf-3.18.3-cp38-cp38-manylinux2014_aarch64.whl", hash = "sha256:e9bffd52d6ee039a1cafb72475b2900c6fd0f0dca667fb7a09af0a3e119e78cb"},
    {file = "protobuf-3.18.3-cp38-cp38-manylinux_2_17_x86_64.manylinux2014_x86_64.whl", hash = "sha256:8117b52c2531e4033f7d02b9be5a78564da41a8b02c255e1b731ad4bd75e7dc0"},
    {file = "protobuf-3.18.3-cp38-cp38-win32.whl", hash = "sha256:15cdecb0d192ab5f17cdc21a9c0ae7b5c6c4451e42c8a888a4f3344c190e369c"},
    {file = "protobuf-3.18.3-cp38-cp38-win_amd64.whl", hash = "sha256:e68ad00695547d9397dd14abd3efba23cb31cef67228f4512d41396971889812"},
    {file = "protobuf-3.18.3-cp39-cp39-macosx_10_9_x86_64.whl", hash = "sha256:474247630834f93214fafce49d2ee6ff4c036c8c5382b88432b7eae6f08f131b"},
    {file = "protobuf-3.18.3-cp39-cp39-manylinux2014_aarch64.whl", hash = "sha256:a7f91a4e5bf3cc58b2830c9cb01b04ac5e211c288048e9296cd407ec0455fb89"},
    {file = "protobuf-3.18.3-cp39-cp39-manylinux_2_17_x86_64.manylinux2014_x86_64.whl", hash = "sha256:6380aae2683d0d1b41199e591c8ba06f867e8a778d44309af87073c1b34a9f3a"},
    {file = "protobuf-3.18.3-cp39-cp39-win32.whl", hash = "sha256:98d414513ec44bb3ba77ebdeffcbbe6ebbf3630c767d37a285890c2414fdd4e2"},
    {file = "protobuf-3.18.3-cp39-cp39-win_amd64.whl", hash = "sha256:93bca9aaeee8008e15696c2a6b5e56b992da03f9d237ff54310e397d635f8305"},
    {file = "protobuf-3.18.3-py2.py3-none-any.whl", hash = "sha256:abbcb8ecd19cfb729b9b71f9a453e37c0c1c017be4bff47804ff25150685386d"},
    {file = "protobuf-3.18.3.tar.gz", hash = "sha256:196a153e487c0e20d62259872bbf2e1c4fa18e2ce97e20984fcbf9d8b151058d"},
]
python-dotenv = [
    {file = "python-dotenv-0.19.2.tar.gz", hash = "sha256:a5de49a31e953b45ff2d2fd434bbc2670e8db5273606c1e737cc6b93eff3655f"},
    {file = "python_dotenv-0.19.2-py2.py3-none-any.whl", hash = "sha256:32b2bdc1873fd3a3c346da1c6db83d0053c3c62f28f1f38516070c4c8971b1d3"},
]
stdiomask = [
    {file = "stdiomask-0.0.6.tar.gz", hash = "sha256:c1e47069ead9e10bda150a26f7922ca01d2adc503042a9d7acf64877a2b9a3a6"},
]
tabulate = [
    {file = "tabulate-0.8.9-py3-none-any.whl", hash = "sha256:d7c013fe7abbc5e491394e10fa845f8f32fe54f8dc60c6622c6cf482d25d47e4"},
    {file = "tabulate-0.8.9.tar.gz", hash = "sha256:eb1d13f25760052e8931f2ef80aaf6045a6cceb47514db8beab24cded16f13a7"},
]
urllib3 = [
    {file = "urllib3-1.26.7-py2.py3-none-any.whl", hash = "sha256:c4fdf4019605b6e5423637e01bc9fe4daef873709a7973e195ceba0a62bbc844"},
    {file = "urllib3-1.26.7.tar.gz", hash = "sha256:4987c65554f7a2dbf30c18fd48778ef124af6fab771a377103da0585e2336ece"},
]
